// !$*UTF8*$!
{
	archiveVersion = 1;
	classes = {
	};
	objectVersion = 56;
	objects = {

/* Begin PBXBuildFile section */
		F393BAED2A0539A600FEC0E3 /* LocationDetailView.swift in Sources */ = {isa = PBXBuildFile; fileRef = F393BAEC2A0539A600FEC0E3 /* LocationDetailView.swift */; };
		F3C0F41E299C3BFF0056BD4C /* LocationsListView.swift in Sources */ = {isa = PBXBuildFile; fileRef = F3C0F41D299C3BFF0056BD4C /* LocationsListView.swift */; };
		F3C0F420299D68940056BD4C /* LocationPreviewView.swift in Sources */ = {isa = PBXBuildFile; fileRef = F3C0F41F299D68940056BD4C /* LocationPreviewView.swift */; };
		F3C0F422299DACD60056BD4C /* LocationMapAnnotationView.swift in Sources */ = {isa = PBXBuildFile; fileRef = F3C0F421299DACD60056BD4C /* LocationMapAnnotationView.swift */; };
		F3E2D2C5299AE49700B89A0B /* SwiftUIMapAppApp.swift in Sources */ = {isa = PBXBuildFile; fileRef = F3E2D2C4299AE49700B89A0B /* SwiftUIMapAppApp.swift */; };
		F3E2D2C7299AE49700B89A0B /* ContentView.swift in Sources */ = {isa = PBXBuildFile; fileRef = F3E2D2C6299AE49700B89A0B /* ContentView.swift */; };
		F3E2D2CC299AE49900B89A0B /* Preview Assets.xcassets in Resources */ = {isa = PBXBuildFile; fileRef = F3E2D2CB299AE49900B89A0B /* Preview Assets.xcassets */; };
		F3E2D2D3299AE59800B89A0B /* Assets.xcassets in Resources */ = {isa = PBXBuildFile; fileRef = F3E2D2D2299AE59800B89A0B /* Assets.xcassets */; };
		F3E2D2D8299AE63900B89A0B /* Location.swift in Sources */ = {isa = PBXBuildFile; fileRef = F3E2D2D7299AE63900B89A0B /* Location.swift */; };
		F3E2D2DB299AE71600B89A0B /* LocationsDataService.swift in Sources */ = {isa = PBXBuildFile; fileRef = F3E2D2DA299AE71600B89A0B /* LocationsDataService.swift */; };
		F3E2D2DD299AE7E700B89A0B /* LocationsView.swift in Sources */ = {isa = PBXBuildFile; fileRef = F3E2D2DC299AE7E700B89A0B /* LocationsView.swift */; };
		F3E2D2DF299AF6B200B89A0B /* LocationsViewModel.swift in Sources */ = {isa = PBXBuildFile; fileRef = F3E2D2DE299AF6B200B89A0B /* LocationsViewModel.swift */; };
/* End PBXBuildFile section */

/* Begin PBXFileReference section */
		F393BAEC2A0539A600FEC0E3 /* LocationDetailView.swift */ = {isa = PBXFileReference; lastKnownFileType = sourcecode.swift; path = LocationDetailView.swift; sourceTree = "<group>"; };
		F393BAEE2A054A1A00FEC0E3 /* Info.plist */ = {isa = PBXFileReference; lastKnownFileType = text.plist; path = Info.plist; sourceTree = "<group>"; };
		F3C0F41D299C3BFF0056BD4C /* LocationsListView.swift */ = {isa = PBXFileReference; lastKnownFileType = sourcecode.swift; path = LocationsListView.swift; sourceTree = "<group>"; };
		F3C0F41F299D68940056BD4C /* LocationPreviewView.swift */ = {isa = PBXFileReference; lastKnownFileType = sourcecode.swift; path = LocationPreviewView.swift; sourceTree = "<group>"; };
		F3C0F421299DACD60056BD4C /* LocationMapAnnotationView.swift */ = {isa = PBXFileReference; lastKnownFileType = sourcecode.swift; path = LocationMapAnnotationView.swift; sourceTree = "<group>"; };
		F3E2D2C1299AE49700B89A0B /* SwiftUIMapApp.app */ = {isa = PBXFileReference; explicitFileType = wrapper.application; includeInIndex = 0; path = SwiftUIMapApp.app; sourceTree = BUILT_PRODUCTS_DIR; };
		F3E2D2C4299AE49700B89A0B /* SwiftUIMapAppApp.swift */ = {isa = PBXFileReference; lastKnownFileType = sourcecode.swift; path = SwiftUIMapAppApp.swift; sourceTree = "<group>"; };
		F3E2D2C6299AE49700B89A0B /* ContentView.swift */ = {isa = PBXFileReference; lastKnownFileType = sourcecode.swift; path = ContentView.swift; sourceTree = "<group>"; };
		F3E2D2CB299AE49900B89A0B /* Preview Assets.xcassets */ = {isa = PBXFileReference; lastKnownFileType = folder.assetcatalog; path = "Preview Assets.xcassets"; sourceTree = "<group>"; };
		F3E2D2D2299AE59800B89A0B /* Assets.xcassets */ = {isa = PBXFileReference; lastKnownFileType = folder.assetcatalog; name = Assets.xcassets; path = "../../../../Downloads/SwiftfulMapApp-Downloads/Assets.xcassets"; sourceTree = "<group>"; };
		F3E2D2D7299AE63900B89A0B /* Location.swift */ = {isa = PBXFileReference; lastKnownFileType = sourcecode.swift; path = Location.swift; sourceTree = "<group>"; };
		F3E2D2DA299AE71600B89A0B /* LocationsDataService.swift */ = {isa = PBXFileReference; fileEncoding = 4; lastKnownFileType = sourcecode.swift; path = LocationsDataService.swift; sourceTree = "<group>"; };
		F3E2D2DC299AE7E700B89A0B /* LocationsView.swift */ = {isa = PBXFileReference; lastKnownFileType = sourcecode.swift; path = LocationsView.swift; sourceTree = "<group>"; };
		F3E2D2DE299AF6B200B89A0B /* LocationsViewModel.swift */ = {isa = PBXFileReference; lastKnownFileType = sourcecode.swift; path = LocationsViewModel.swift; sourceTree = "<group>"; };
/* End PBXFileReference section */

/* Begin PBXFrameworksBuildPhase section */
		F3E2D2BE299AE49700B89A0B /* Frameworks */ = {
			isa = PBXFrameworksBuildPhase;
			buildActionMask = 2147483647;
			files = (
			);
			runOnlyForDeploymentPostprocessing = 0;
		};
/* End PBXFrameworksBuildPhase section */

/* Begin PBXGroup section */
		F3E2D2B8299AE49700B89A0B = {
			isa = PBXGroup;
			children = (
				F3E2D2C3299AE49700B89A0B /* SwiftUIMapApp */,
				F3E2D2C2299AE49700B89A0B /* Products */,
			);
			sourceTree = "<group>";
		};
		F3E2D2C2299AE49700B89A0B /* Products */ = {
			isa = PBXGroup;
			children = (
				F3E2D2C1299AE49700B89A0B /* SwiftUIMapApp.app */,
			);
			name = Products;
			sourceTree = "<group>";
		};
		F3E2D2C3299AE49700B89A0B /* SwiftUIMapApp */ = {
			isa = PBXGroup;
			children = (
				F393BAEE2A054A1A00FEC0E3 /* Info.plist */,
				F3E2D2D9299AE6EA00B89A0B /* DataServices */,
				F3E2D2D6299AE60A00B89A0B /* ViewModels */,
				F3E2D2D5299AE60200B89A0B /* Views */,
				F3E2D2D4299AE5F500B89A0B /* Models */,
				F3E2D2C4299AE49700B89A0B /* SwiftUIMapAppApp.swift */,
				F3E2D2C6299AE49700B89A0B /* ContentView.swift */,
				F3E2D2D2299AE59800B89A0B /* Assets.xcassets */,
				F3E2D2CA299AE49900B89A0B /* Preview Content */,
			);
			path = SwiftUIMapApp;
			sourceTree = "<group>";
		};
		F3E2D2CA299AE49900B89A0B /* Preview Content */ = {
			isa = PBXGroup;
			children = (
				F3E2D2CB299AE49900B89A0B /* Preview Assets.xcassets */,
			);
			path = "Preview Content";
			sourceTree = "<group>";
		};
		F3E2D2D4299AE5F500B89A0B /* Models */ = {
			isa = PBXGroup;
			children = (
				F3E2D2D7299AE63900B89A0B /* Location.swift */,
			);
			path = Models;
			sourceTree = "<group>";
		};
		F3E2D2D5299AE60200B89A0B /* Views */ = {
			isa = PBXGroup;
			children = (
				F3E2D2DC299AE7E700B89A0B /* LocationsView.swift */,
				F3C0F41D299C3BFF0056BD4C /* LocationsListView.swift */,
				F3C0F41F299D68940056BD4C /* LocationPreviewView.swift */,
				F3C0F421299DACD60056BD4C /* LocationMapAnnotationView.swift */,
				F393BAEC2A0539A600FEC0E3 /* LocationDetailView.swift */,
			);
			path = Views;
			sourceTree = "<group>";
		};
		F3E2D2D6299AE60A00B89A0B /* ViewModels */ = {
			isa = PBXGroup;
			children = (
				F3E2D2DE299AF6B200B89A0B /* LocationsViewModel.swift */,
			);
			path = ViewModels;
			sourceTree = "<group>";
		};
		F3E2D2D9299AE6EA00B89A0B /* DataServices */ = {
			isa = PBXGroup;
			children = (
				F3E2D2DA299AE71600B89A0B /* LocationsDataService.swift */,
			);
			path = DataServices;
			sourceTree = "<group>";
		};
/* End PBXGroup section */

/* Begin PBXNativeTarget section */
		F3E2D2C0299AE49700B89A0B /* SwiftUIMapApp */ = {
			isa = PBXNativeTarget;
			buildConfigurationList = F3E2D2CF299AE49900B89A0B /* Build configuration list for PBXNativeTarget "SwiftUIMapApp" */;
			buildPhases = (
				F3E2D2BD299AE49700B89A0B /* Sources */,
				F3E2D2BE299AE49700B89A0B /* Frameworks */,
				F3E2D2BF299AE49700B89A0B /* Resources */,
			);
			buildRules = (
			);
			dependencies = (
			);
			name = SwiftUIMapApp;
			productName = SwiftUIMapApp;
			productReference = F3E2D2C1299AE49700B89A0B /* SwiftUIMapApp.app */;
			productType = "com.apple.product-type.application";
		};
/* End PBXNativeTarget section */

/* Begin PBXProject section */
		F3E2D2B9299AE49700B89A0B /* Project object */ = {
			isa = PBXProject;
			attributes = {
				BuildIndependentTargetsInParallel = 1;
				LastSwiftUpdateCheck = 1420;
				LastUpgradeCheck = 1420;
				TargetAttributes = {
					F3E2D2C0299AE49700B89A0B = {
						CreatedOnToolsVersion = 14.2;
					};
				};
			};
			buildConfigurationList = F3E2D2BC299AE49700B89A0B /* Build configuration list for PBXProject "SwiftUIMapApp" */;
			compatibilityVersion = "Xcode 14.0";
			developmentRegion = en;
			hasScannedForEncodings = 0;
			knownRegions = (
				en,
				Base,
			);
			mainGroup = F3E2D2B8299AE49700B89A0B;
			productRefGroup = F3E2D2C2299AE49700B89A0B /* Products */;
			projectDirPath = "";
			projectRoot = "";
			targets = (
				F3E2D2C0299AE49700B89A0B /* SwiftUIMapApp */,
			);
		};
/* End PBXProject section */

/* Begin PBXResourcesBuildPhase section */
		F3E2D2BF299AE49700B89A0B /* Resources */ = {
			isa = PBXResourcesBuildPhase;
			buildActionMask = 2147483647;
			files = (
				F3E2D2CC299AE49900B89A0B /* Preview Assets.xcassets in Resources */,
				F3E2D2D3299AE59800B89A0B /* Assets.xcassets in Resources */,
			);
			runOnlyForDeploymentPostprocessing = 0;
		};
/* End PBXResourcesBuildPhase section */

/* Begin PBXSourcesBuildPhase section */
		F3E2D2BD299AE49700B89A0B /* Sources */ = {
			isa = PBXSourcesBuildPhase;
			buildActionMask = 2147483647;
			files = (
				F3E2D2DB299AE71600B89A0B /* LocationsDataService.swift in Sources */,
				F3C0F422299DACD60056BD4C /* LocationMapAnnotationView.swift in Sources */,
				F3C0F41E299C3BFF0056BD4C /* LocationsListView.swift in Sources */,
				F3C0F420299D68940056BD4C /* LocationPreviewView.swift in Sources */,
				F3E2D2DF299AF6B200B89A0B /* LocationsViewModel.swift in Sources */,
				F3E2D2C7299AE49700B89A0B /* ContentView.swift in Sources */,
				F3E2D2DD299AE7E700B89A0B /* LocationsView.swift in Sources */,
				F3E2D2D8299AE63900B89A0B /* Location.swift in Sources */,
				F393BAED2A0539A600FEC0E3 /* LocationDetailView.swift in Sources */,
				F3E2D2C5299AE49700B89A0B /* SwiftUIMapAppApp.swift in Sources */,
			);
			runOnlyForDeploymentPostprocessing = 0;
		};
/* End PBXSourcesBuildPhase section */

/* Begin XCBuildConfiguration section */
		F3E2D2CD299AE49900B89A0B /* Debug */ = {
			isa = XCBuildConfiguration;
			buildSettings = {
				ALWAYS_SEARCH_USER_PATHS = NO;
				CLANG_ANALYZER_NONNULL = YES;
				CLANG_ANALYZER_NUMBER_OBJECT_CONVERSION = YES_AGGRESSIVE;
				CLANG_CXX_LANGUAGE_STANDARD = "gnu++20";
				CLANG_ENABLE_MODULES = YES;
				CLANG_ENABLE_OBJC_ARC = YES;
				CLANG_ENABLE_OBJC_WEAK = YES;
				CLANG_WARN_BLOCK_CAPTURE_AUTORELEASING = YES;
				CLANG_WARN_BOOL_CONVERSION = YES;
				CLANG_WARN_COMMA = YES;
				CLANG_WARN_CONSTANT_CONVERSION = YES;
				CLANG_WARN_DEPRECATED_OBJC_IMPLEMENTATIONS = YES;
				CLANG_WARN_DIRECT_OBJC_ISA_USAGE = YES_ERROR;
				CLANG_WARN_DOCUMENTATION_COMMENTS = YES;
				CLANG_WARN_EMPTY_BODY = YES;
				CLANG_WARN_ENUM_CONVERSION = YES;
				CLANG_WARN_INFINITE_RECURSION = YES;
				CLANG_WARN_INT_CONVERSION = YES;
				CLANG_WARN_NON_LITERAL_NULL_CONVERSION = YES;
				CLANG_WARN_OBJC_IMPLICIT_RETAIN_SELF = YES;
				CLANG_WARN_OBJC_LITERAL_CONVERSION = YES;
				CLANG_WARN_OBJC_ROOT_CLASS = YES_ERROR;
				CLANG_WARN_QUOTED_INCLUDE_IN_FRAMEWORK_HEADER = YES;
				CLANG_WARN_RANGE_LOOP_ANALYSIS = YES;
				CLANG_WARN_STRICT_PROTOTYPES = YES;
				CLANG_WARN_SUSPICIOUS_MOVE = YES;
				CLANG_WARN_UNGUARDED_AVAILABILITY = YES_AGGRESSIVE;
				CLANG_WARN_UNREACHABLE_CODE = YES;
				CLANG_WARN__DUPLICATE_METHOD_MATCH = YES;
				COPY_PHASE_STRIP = NO;
				DEBUG_INFORMATION_FORMAT = dwarf;
				ENABLE_STRICT_OBJC_MSGSEND = YES;
				ENABLE_TESTABILITY = YES;
				GCC_C_LANGUAGE_STANDARD = gnu11;
				GCC_DYNAMIC_NO_PIC = NO;
				GCC_NO_COMMON_BLOCKS = YES;
				GCC_OPTIMIZATION_LEVEL = 0;
				GCC_PREPROCESSOR_DEFINITIONS = (
					"DEBUG=1",
					"$(inherited)",
				);
				GCC_WARN_64_TO_32_BIT_CONVERSION = YES;
				GCC_WARN_ABOUT_RETURN_TYPE = YES_ERROR;
				GCC_WARN_UNDECLARED_SELECTOR = YES;
				GCC_WARN_UNINITIALIZED_AUTOS = YES_AGGRESSIVE;
				GCC_WARN_UNUSED_FUNCTION = YES;
				GCC_WARN_UNUSED_VARIABLE = YES;
				IPHONEOS_DEPLOYMENT_TARGET = 16.2;
				MTL_ENABLE_DEBUG_INFO = INCLUDE_SOURCE;
				MTL_FAST_MATH = YES;
				ONLY_ACTIVE_ARCH = YES;
				SDKROOT = iphoneos;
				SWIFT_ACTIVE_COMPILATION_CONDITIONS = DEBUG;
				SWIFT_OPTIMIZATION_LEVEL = "-Onone";
			};
			name = Debug;
		};
		F3E2D2CE299AE49900B89A0B /* Release */ = {
			isa = XCBuildConfiguration;
			buildSettings = {
				ALWAYS_SEARCH_USER_PATHS = NO;
				CLANG_ANALYZER_NONNULL = YES;
				CLANG_ANALYZER_NUMBER_OBJECT_CONVERSION = YES_AGGRESSIVE;
				CLANG_CXX_LANGUAGE_STANDARD = "gnu++20";
				CLANG_ENABLE_MODULES = YES;
				CLANG_ENABLE_OBJC_ARC = YES;
				CLANG_ENABLE_OBJC_WEAK = YES;
				CLANG_WARN_BLOCK_CAPTURE_AUTORELEASING = YES;
				CLANG_WARN_BOOL_CONVERSION = YES;
				CLANG_WARN_COMMA = YES;
				CLANG_WARN_CONSTANT_CONVERSION = YES;
				CLANG_WARN_DEPRECATED_OBJC_IMPLEMENTATIONS = YES;
				CLANG_WARN_DIRECT_OBJC_ISA_USAGE = YES_ERROR;
				CLANG_WARN_DOCUMENTATION_COMMENTS = YES;
				CLANG_WARN_EMPTY_BODY = YES;
				CLANG_WARN_ENUM_CONVERSION = YES;
				CLANG_WARN_INFINITE_RECURSION = YES;
				CLANG_WARN_INT_CONVERSION = YES;
				CLANG_WARN_NON_LITERAL_NULL_CONVERSION = YES;
				CLANG_WARN_OBJC_IMPLICIT_RETAIN_SELF = YES;
				CLANG_WARN_OBJC_LITERAL_CONVERSION = YES;
				CLANG_WARN_OBJC_ROOT_CLASS = YES_ERROR;
				CLANG_WARN_QUOTED_INCLUDE_IN_FRAMEWORK_HEADER = YES;
				CLANG_WARN_RANGE_LOOP_ANALYSIS = YES;
				CLANG_WARN_STRICT_PROTOTYPES = YES;
				CLANG_WARN_SUSPICIOUS_MOVE = YES;
				CLANG_WARN_UNGUARDED_AVAILABILITY = YES_AGGRESSIVE;
				CLANG_WARN_UNREACHABLE_CODE = YES;
				CLANG_WARN__DUPLICATE_METHOD_MATCH = YES;
				COPY_PHASE_STRIP = NO;
				DEBUG_INFORMATION_FORMAT = "dwarf-with-dsym";
				ENABLE_NS_ASSERTIONS = NO;
				ENABLE_STRICT_OBJC_MSGSEND = YES;
				GCC_C_LANGUAGE_STANDARD = gnu11;
				GCC_NO_COMMON_BLOCKS = YES;
				GCC_WARN_64_TO_32_BIT_CONVERSION = YES;
				GCC_WARN_ABOUT_RETURN_TYPE = YES_ERROR;
				GCC_WARN_UNDECLARED_SELECTOR = YES;
				GCC_WARN_UNINITIALIZED_AUTOS = YES_AGGRESSIVE;
				GCC_WARN_UNUSED_FUNCTION = YES;
				GCC_WARN_UNUSED_VARIABLE = YES;
				IPHONEOS_DEPLOYMENT_TARGET = 16.2;
				MTL_ENABLE_DEBUG_INFO = NO;
				MTL_FAST_MATH = YES;
				SDKROOT = iphoneos;
				SWIFT_COMPILATION_MODE = wholemodule;
				SWIFT_OPTIMIZATION_LEVEL = "-O";
				VALIDATE_PRODUCT = YES;
			};
			name = Release;
		};
		F3E2D2D0299AE49900B89A0B /* Debug */ = {
			isa = XCBuildConfiguration;
			buildSettings = {
				ASSETCATALOG_COMPILER_APPICON_NAME = AppIcon;
				ASSETCATALOG_COMPILER_GLOBAL_ACCENT_COLOR_NAME = AccentColor;
				CODE_SIGN_STYLE = Automatic;
				CURRENT_PROJECT_VERSION = 1;
				DEVELOPMENT_ASSET_PATHS = "\"SwiftUIMapApp/Preview Content\"";
				DEVELOPMENT_TEAM = G8PK233G6T;
				ENABLE_PREVIEWS = YES;
				GENERATE_INFOPLIST_FILE = YES;
				INFOPLIST_FILE = SwiftUIMapApp/Info.plist;
				INFOPLIST_KEY_CFBundleDisplayName = Maps;
				INFOPLIST_KEY_UIApplicationSceneManifest_Generation = YES;
				INFOPLIST_KEY_UIApplicationSupportsIndirectInputEvents = YES;
				INFOPLIST_KEY_UISupportedInterfaceOrientations = UIInterfaceOrientationPortrait;
				INFOPLIST_KEY_UISupportedInterfaceOrientations_iPad = "UIInterfaceOrientationLandscapeLeft UIInterfaceOrientationLandscapeRight UIInterfaceOrientationPortrait UIInterfaceOrientationPortraitUpsideDown";
				LD_RUNPATH_SEARCH_PATHS = (
					"$(inherited)",
					"@executable_path/Frameworks",
				);
				MARKETING_VERSION = 1.0;
				PRODUCT_BUNDLE_IDENTIFIER = com.ayaan22.SwiftUIMapApp;
				PRODUCT_NAME = "$(TARGET_NAME)";
				SWIFT_EMIT_LOC_STRINGS = YES;
				SWIFT_VERSION = 5.0;
				TARGETED_DEVICE_FAMILY = "1,2";
			};
			name = Debug;
		};
		F3E2D2D1299AE49900B89A0B /* Release */ = {
			isa = XCBuildConfiguration;
			buildSettings = {
				ASSETCATALOG_COMPILER_APPICON_NAME = AppIcon;
				ASSETCATALOG_COMPILER_GLOBAL_ACCENT_COLOR_NAME = AccentColor;
				CODE_SIGN_STYLE = Automatic;
				CURRENT_PROJECT_VERSION = 1;
				DEVELOPMENT_ASSET_PATHS = "\"SwiftUIMapApp/Preview Content\"";
				DEVELOPMENT_TEAM = G8PK233G6T;
				ENABLE_PREVIEWS = YES;
				GENERATE_INFOPLIST_FILE = YES;
				INFOPLIST_FILE = SwiftUIMapApp/Info.plist;
				INFOPLIST_KEY_CFBundleDisplayName = Maps;
				INFOPLIST_KEY_UIApplicationSceneManifest_Generation = YES;
				INFOPLIST_KEY_UIApplicationSupportsIndirectInputEvents = YES;
				INFOPLIST_KEY_UISupportedInterfaceOrientations = UIInterfaceOrientationPortrait;
				INFOPLIST_KEY_UISupportedInterfaceOrientations_iPad = "UIInterfaceOrientationLandscapeLeft UIInterfaceOrientationLandscapeRight UIInterfaceOrientationPortrait UIInterfaceOrientationPortraitUpsideDown";
				LD_RUNPATH_SEARCH_PATHS = (
					"$(inherited)",
					"@executable_path/Frameworks",
				);
				MARKETING_VERSION = 1.0;
				PRODUCT_BUNDLE_IDENTIFIER = com.ayaan22.SwiftUIMapApp;
				PRODUCT_NAME = "$(TARGET_NAME)";
				SWIFT_EMIT_LOC_STRINGS = YES;
				SWIFT_VERSION = 5.0;
				TARGETED_DEVICE_FAMILY = "1,2";
			};
			name = Release;
		};
/* End XCBuildConfiguration section */

/* Begin XCConfigurationList section */
		F3E2D2BC299AE49700B89A0B /* Build configuration list for PBXProject "SwiftUIMapApp" */ = {
			isa = XCConfigurationList;
			buildConfigurations = (
				F3E2D2CD299AE49900B89A0B /* Debug */,
				F3E2D2CE299AE49900B89A0B /* Release */,
			);
			defaultConfigurationIsVisible = 0;
			defaultConfigurationName = Release;
		};
		F3E2D2CF299AE49900B89A0B /* Build configuration list for PBXNativeTarget "SwiftUIMapApp" */ = {
			isa = XCConfigurationList;
			buildConfigurations = (
				F3E2D2D0299AE49900B89A0B /* Debug */,
				F3E2D2D1299AE49900B89A0B /* Release */,
			);
			defaultConfigurationIsVisible = 0;
			defaultConfigurationName = Release;
		};
/* End XCConfigurationList section */
	};
	rootObject = F3E2D2B9299AE49700B89A0B /* Project object */;
}
